// !$*UTF8*$!
{
	archiveVersion = 1;
	classes = {
	};
	objectVersion = 46;
	objects = {

/* Begin PBXBuildFile section */
		8DC015361BD262A70098701C /* AppDelegate.swift in Sources */ = {isa = PBXBuildFile; fileRef = 8DC015351BD262A70098701C /* AppDelegate.swift */; };
		8DC015381BD262A70098701C /* ViewController.swift in Sources */ = {isa = PBXBuildFile; fileRef = 8DC015371BD262A70098701C /* ViewController.swift */; };
		8DC0153B1BD262A70098701C /* Main.storyboard in Resources */ = {isa = PBXBuildFile; fileRef = 8DC015391BD262A70098701C /* Main.storyboard */; };
		8DC0153D1BD262A70098701C /* Assets.xcassets in Resources */ = {isa = PBXBuildFile; fileRef = 8DC0153C1BD262A70098701C /* Assets.xcassets */; };
		8DC015401BD262A70098701C /* LaunchScreen.storyboard in Resources */ = {isa = PBXBuildFile; fileRef = 8DC0153E1BD262A70098701C /* LaunchScreen.storyboard */; };
		8DC0154B1BD262A70098701C /* modeling_test_2Tests.swift in Sources */ = {isa = PBXBuildFile; fileRef = 8DC0154A1BD262A70098701C /* modeling_test_2Tests.swift */; };
		8DC015561BD262A70098701C /* modeling_test_2UITests.swift in Sources */ = {isa = PBXBuildFile; fileRef = 8DC015551BD262A70098701C /* modeling_test_2UITests.swift */; };
		8DC015641BD275250098701C /* Button.swift in Sources */ = {isa = PBXBuildFile; fileRef = 8DC015631BD275250098701C /* Button.swift */; settings = {ASSET_TAGS = (); }; };
/* End PBXBuildFile section */

/* Begin PBXContainerItemProxy section */
		8DC015471BD262A70098701C /* PBXContainerItemProxy */ = {
			isa = PBXContainerItemProxy;
			containerPortal = 8DC0152A1BD262A70098701C /* Project object */;
			proxyType = 1;
			remoteGlobalIDString = 8DC015311BD262A70098701C;
			remoteInfo = modeling_test_2;
		};
		8DC015521BD262A70098701C /* PBXContainerItemProxy */ = {
			isa = PBXContainerItemProxy;
			containerPortal = 8DC0152A1BD262A70098701C /* Project object */;
			proxyType = 1;
			remoteGlobalIDString = 8DC015311BD262A70098701C;
			remoteInfo = modeling_test_2;
		};
/* End PBXContainerItemProxy section */

/* Begin PBXFileReference section */
		8DC015321BD262A70098701C /* modeling_test_2.app */ = {isa = PBXFileReference; explicitFileType = wrapper.application; includeInIndex = 0; path = modeling_test_2.app; sourceTree = BUILT_PRODUCTS_DIR; };
		8DC015351BD262A70098701C /* AppDelegate.swift */ = {isa = PBXFileReference; lastKnownFileType = sourcecode.swift; path = AppDelegate.swift; sourceTree = "<group>"; };
		8DC015371BD262A70098701C /* ViewController.swift */ = {isa = PBXFileReference; lastKnownFileType = sourcecode.swift; path = ViewController.swift; sourceTree = "<group>"; };
		8DC0153A1BD262A70098701C /* Base */ = {isa = PBXFileReference; lastKnownFileType = file.storyboard; name = Base; path = Base.lproj/Main.storyboard; sourceTree = "<group>"; };
		8DC0153C1BD262A70098701C /* Assets.xcassets */ = {isa = PBXFileReference; lastKnownFileType = folder.assetcatalog; path = Assets.xcassets; sourceTree = "<group>"; };
		8DC0153F1BD262A70098701C /* Base */ = {isa = PBXFileReference; lastKnownFileType = file.storyboard; name = Base; path = Base.lproj/LaunchScreen.storyboard; sourceTree = "<group>"; };
		8DC015411BD262A70098701C /* Info.plist */ = {isa = PBXFileReference; lastKnownFileType = text.plist.xml; path = Info.plist; sourceTree = "<group>"; };
		8DC015461BD262A70098701C /* modeling_test_2Tests.xctest */ = {isa = PBXFileReference; explicitFileType = wrapper.cfbundle; includeInIndex = 0; path = modeling_test_2Tests.xctest; sourceTree = BUILT_PRODUCTS_DIR; };
		8DC0154A1BD262A70098701C /* modeling_test_2Tests.swift */ = {isa = PBXFileReference; lastKnownFileType = sourcecode.swift; path = modeling_test_2Tests.swift; sourceTree = "<group>"; };
		8DC0154C1BD262A70098701C /* Info.plist */ = {isa = PBXFileReference; lastKnownFileType = text.plist.xml; path = Info.plist; sourceTree = "<group>"; };
		8DC015511BD262A70098701C /* modeling_test_2UITests.xctest */ = {isa = PBXFileReference; explicitFileType = wrapper.cfbundle; includeInIndex = 0; path = modeling_test_2UITests.xctest; sourceTree = BUILT_PRODUCTS_DIR; };
		8DC015551BD262A70098701C /* modeling_test_2UITests.swift */ = {isa = PBXFileReference; lastKnownFileType = sourcecode.swift; path = modeling_test_2UITests.swift; sourceTree = "<group>"; };
		8DC015571BD262A70098701C /* Info.plist */ = {isa = PBXFileReference; lastKnownFileType = text.plist.xml; path = Info.plist; sourceTree = "<group>"; };
		8DC015631BD275250098701C /* Button.swift */ = {isa = PBXFileReference; fileEncoding = 4; lastKnownFileType = sourcecode.swift; path = Button.swift; sourceTree = "<group>"; };
/* End PBXFileReference section */

/* Begin PBXFrameworksBuildPhase section */
		8DC0152F1BD262A70098701C /* Frameworks */ = {
			isa = PBXFrameworksBuildPhase;
			buildActionMask = 2147483647;
			files = (
			);
			runOnlyForDeploymentPostprocessing = 0;
		};
		8DC015431BD262A70098701C /* Frameworks */ = {
			isa = PBXFrameworksBuildPhase;
			buildActionMask = 2147483647;
			files = (
			);
			runOnlyForDeploymentPostprocessing = 0;
		};
		8DC0154E1BD262A70098701C /* Frameworks */ = {
			isa = PBXFrameworksBuildPhase;
			buildActionMask = 2147483647;
			files = (
			);
			runOnlyForDeploymentPostprocessing = 0;
		};
/* End PBXFrameworksBuildPhase section */

/* Begin PBXGroup section */
		8DC015291BD262A70098701C = {
			isa = PBXGroup;
			children = (
				8DC015341BD262A70098701C /* modeling_test_2 */,
				8DC015491BD262A70098701C /* modeling_test_2Tests */,
				8DC015541BD262A70098701C /* modeling_test_2UITests */,
				8DC015331BD262A70098701C /* Products */,
			);
			sourceTree = "<group>";
		};
		8DC015331BD262A70098701C /* Products */ = {
			isa = PBXGroup;
			children = (
				8DC015321BD262A70098701C /* modeling_test_2.app */,
				8DC015461BD262A70098701C /* modeling_test_2Tests.xctest */,
				8DC015511BD262A70098701C /* modeling_test_2UITests.xctest */,
			);
			name = Products;
			sourceTree = "<group>";
		};
		8DC015341BD262A70098701C /* modeling_test_2 */ = {
			isa = PBXGroup;
			children = (
				8DC015351BD262A70098701C /* AppDelegate.swift */,
				8DC015371BD262A70098701C /* ViewController.swift */,
				8DC015391BD262A70098701C /* Main.storyboard */,
				8DC0153C1BD262A70098701C /* Assets.xcassets */,
				8DC0153E1BD262A70098701C /* LaunchScreen.storyboard */,
				8DC015411BD262A70098701C /* Info.plist */,
				8DC015631BD275250098701C /* Button.swift */,
			);
			path = modeling_test_2;
			sourceTree = "<group>";
		};
		8DC015491BD262A70098701C /* modeling_test_2Tests */ = {
			isa = PBXGroup;
			children = (
				8DC0154A1BD262A70098701C /* modeling_test_2Tests.swift */,
				8DC0154C1BD262A70098701C /* Info.plist */,
			);
			path = modeling_test_2Tests;
			sourceTree = "<group>";
		};
		8DC015541BD262A70098701C /* modeling_test_2UITests */ = {
			isa = PBXGroup;
			children = (
				8DC015551BD262A70098701C /* modeling_test_2UITests.swift */,
				8DC015571BD262A70098701C /* Info.plist */,
			);
			path = modeling_test_2UITests;
			sourceTree = "<group>";
		};
/* End PBXGroup section */

/* Begin PBXNativeTarget section */
		8DC015311BD262A70098701C /* modeling_test_2 */ = {
			isa = PBXNativeTarget;
			buildConfigurationList = 8DC0155A1BD262A70098701C /* Build configuration list for PBXNativeTarget "modeling_test_2" */;
			buildPhases = (
				8DC0152E1BD262A70098701C /* Sources */,
				8DC0152F1BD262A70098701C /* Frameworks */,
				8DC015301BD262A70098701C /* Resources */,
			);
			buildRules = (
			);
			dependencies = (
			);
			name = modeling_test_2;
			productName = modeling_test_2;
			productReference = 8DC015321BD262A70098701C /* modeling_test_2.app */;
			productType = "com.apple.product-type.application";
		};
		8DC015451BD262A70098701C /* modeling_test_2Tests */ = {
			isa = PBXNativeTarget;
			buildConfigurationList = 8DC0155D1BD262A70098701C /* Build configuration list for PBXNativeTarget "modeling_test_2Tests" */;
			buildPhases = (
				8DC015421BD262A70098701C /* Sources */,
				8DC015431BD262A70098701C /* Frameworks */,
				8DC015441BD262A70098701C /* Resources */,
			);
			buildRules = (
			);
			dependencies = (
				8DC015481BD262A70098701C /* PBXTargetDependency */,
			);
			name = modeling_test_2Tests;
			productName = modeling_test_2Tests;
			productReference = 8DC015461BD262A70098701C /* modeling_test_2Tests.xctest */;
			productType = "com.apple.product-type.bundle.unit-test";
		};
		8DC015501BD262A70098701C /* modeling_test_2UITests */ = {
			isa = PBXNativeTarget;
			buildConfigurationList = 8DC015601BD262A70098701C /* Build configuration list for PBXNativeTarget "modeling_test_2UITests" */;
			buildPhases = (
				8DC0154D1BD262A70098701C /* Sources */,
				8DC0154E1BD262A70098701C /* Frameworks */,
				8DC0154F1BD262A70098701C /* Resources */,
			);
			buildRules = (
			);
			dependencies = (
				8DC015531BD262A70098701C /* PBXTargetDependency */,
			);
			name = modeling_test_2UITests;
			productName = modeling_test_2UITests;
			productReference = 8DC015511BD262A70098701C /* modeling_test_2UITests.xctest */;
			productType = "com.apple.product-type.bundle.ui-testing";
		};
/* End PBXNativeTarget section */

/* Begin PBXProject section */
		8DC0152A1BD262A70098701C /* Project object */ = {
			isa = PBXProject;
			attributes = {
				LastUpgradeCheck = 0700;
				ORGANIZATIONNAME = test;
				TargetAttributes = {
					8DC015311BD262A70098701C = {
						CreatedOnToolsVersion = 7.0.1;
					};
					8DC015451BD262A70098701C = {
						CreatedOnToolsVersion = 7.0.1;
						TestTargetID = 8DC015311BD262A70098701C;
					};
					8DC015501BD262A70098701C = {
						CreatedOnToolsVersion = 7.0.1;
						TestTargetID = 8DC015311BD262A70098701C;
					};
				};
			};
			buildConfigurationList = 8DC0152D1BD262A70098701C /* Build configuration list for PBXProject "modeling_test_2" */;
			compatibilityVersion = "Xcode 3.2";
			developmentRegion = English;
			hasScannedForEncodings = 0;
			knownRegions = (
				en,
				Base,
			);
			mainGroup = 8DC015291BD262A70098701C;
			productRefGroup = 8DC015331BD262A70098701C /* Products */;
			projectDirPath = "";
			projectRoot = "";
			targets = (
				8DC015311BD262A70098701C /* modeling_test_2 */,
				8DC015451BD262A70098701C /* modeling_test_2Tests */,
				8DC015501BD262A70098701C /* modeling_test_2UITests */,
			);
		};
/* End PBXProject section */

/* Begin PBXResourcesBuildPhase section */
		8DC015301BD262A70098701C /* Resources */ = {
			isa = PBXResourcesBuildPhase;
			buildActionMask = 2147483647;
			files = (
				8DC015401BD262A70098701C /* LaunchScreen.storyboard in Resources */,
				8DC0153D1BD262A70098701C /* Assets.xcassets in Resources */,
				8DC0153B1BD262A70098701C /* Main.storyboard in Resources */,
			);
			runOnlyForDeploymentPostprocessing = 0;
		};
		8DC015441BD262A70098701C /* Resources */ = {
			isa = PBXResourcesBuildPhase;
			buildActionMask = 2147483647;
			files = (
			);
			runOnlyForDeploymentPostprocessing = 0;
		};
		8DC0154F1BD262A70098701C /* Resources */ = {
			isa = PBXResourcesBuildPhase;
			buildActionMask = 2147483647;
			files = (
			);
			runOnlyForDeploymentPostprocessing = 0;
		};
/* End PBXResourcesBuildPhase section */

/* Begin PBXSourcesBuildPhase section */
		8DC0152E1BD262A70098701C /* Sources */ = {
			isa = PBXSourcesBuildPhase;
			buildActionMask = 2147483647;
			files = (
				8DC015381BD262A70098701C /* ViewController.swift in Sources */,
				8DC015641BD275250098701C /* Button.swift in Sources */,
				8DC015361BD262A70098701C /* AppDelegate.swift in Sources */,
			);
			runOnlyForDeploymentPostprocessing = 0;
		};
		8DC015421BD262A70098701C /* Sources */ = {
			isa = PBXSourcesBuildPhase;
			buildActionMask = 2147483647;
			files = (
				8DC0154B1BD262A70098701C /* modeling_test_2Tests.swift in Sources */,
			);
			runOnlyForDeploymentPostprocessing = 0;
		};
		8DC0154D1BD262A70098701C /* Sources */ = {
			isa = PBXSourcesBuildPhase;
			buildActionMask = 2147483647;
			files = (
				8DC015561BD262A70098701C /* modeling_test_2UITests.swift in Sources */,
			);
			runOnlyForDeploymentPostprocessing = 0;
		};
/* End PBXSourcesBuildPhase section */

/* Begin PBXTargetDependency section */
		8DC015481BD262A70098701C /* PBXTargetDependency */ = {
			isa = PBXTargetDependency;
			target = 8DC015311BD262A70098701C /* modeling_test_2 */;
			targetProxy = 8DC015471BD262A70098701C /* PBXContainerItemProxy */;
		};
		8DC015531BD262A70098701C /* PBXTargetDependency */ = {
			isa = PBXTargetDependency;
			target = 8DC015311BD262A70098701C /* modeling_test_2 */;
			targetProxy = 8DC015521BD262A70098701C /* PBXContainerItemProxy */;
		};
/* End PBXTargetDependency section */

/* Begin PBXVariantGroup section */
		8DC015391BD262A70098701C /* Main.storyboard */ = {
			isa = PBXVariantGroup;
			children = (
				8DC0153A1BD262A70098701C /* Base */,
			);
			name = Main.storyboard;
			sourceTree = "<group>";
		};
		8DC0153E1BD262A70098701C /* LaunchScreen.storyboard */ = {
			isa = PBXVariantGroup;
			children = (
				8DC0153F1BD262A70098701C /* Base */,
			);
			name = LaunchScreen.storyboard;
			sourceTree = "<group>";
		};
/* End PBXVariantGroup section */

/* Begin XCBuildConfiguration section */
		8DC015581BD262A70098701C /* Debug */ = {
			isa = XCBuildConfiguration;
			buildSettings = {
				ALWAYS_SEARCH_USER_PATHS = NO;
				CLANG_CXX_LANGUAGE_STANDARD = "gnu++0x";
				CLANG_CXX_LIBRARY = "libc++";
				CLANG_ENABLE_MODULES = YES;
				CLANG_ENABLE_OBJC_ARC = YES;
				CLANG_WARN_BOOL_CONVERSION = YES;
				CLANG_WARN_CONSTANT_CONVERSION = YES;
				CLANG_WARN_DIRECT_OBJC_ISA_USAGE = YES_ERROR;
				CLANG_WARN_EMPTY_BODY = YES;
				CLANG_WARN_ENUM_CONVERSION = YES;
				CLANG_WARN_INT_CONVERSION = YES;
				CLANG_WARN_OBJC_ROOT_CLASS = YES_ERROR;
				CLANG_WARN_UNREACHABLE_CODE = YES;
				CLANG_WARN__DUPLICATE_METHOD_MATCH = YES;
				"CODE_SIGN_IDENTITY[sdk=iphoneos*]" = "iPhone Developer";
				COPY_PHASE_STRIP = NO;
				DEBUG_INFORMATION_FORMAT = dwarf;
				ENABLE_STRICT_OBJC_MSGSEND = YES;
				ENABLE_TESTABILITY = YES;
				GCC_C_LANGUAGE_STANDARD = gnu99;
				GCC_DYNAMIC_NO_PIC = NO;
				GCC_NO_COMMON_BLOCKS = YES;
				GCC_OPTIMIZATION_LEVEL = 0;
				GCC_PREPROCESSOR_DEFINITIONS = (
					"DEBUG=1",
					"$(inherited)",
				);
				GCC_WARN_64_TO_32_BIT_CONVERSION = YES;
				GCC_WARN_ABOUT_RETURN_TYPE = YES_ERROR;
				GCC_WARN_UNDECLARED_SELECTOR = YES;
				GCC_WARN_UNINITIALIZED_AUTOS = YES_AGGRESSIVE;
				GCC_WARN_UNUSED_FUNCTION = YES;
				GCC_WARN_UNUSED_VARIABLE = YES;
				IPHONEOS_DEPLOYMENT_TARGET = 9.0;
				MTL_ENABLE_DEBUG_INFO = YES;
				ONLY_ACTIVE_ARCH = YES;
				SDKROOT = iphoneos;
				SWIFT_OPTIMIZATION_LEVEL = "-Onone";
				TARGETED_DEVICE_FAMILY = "1,2";
			};
			name = Debug;
		};
		8DC015591BD262A70098701C /* Release */ = {
			isa = XCBuildConfiguration;
			buildSettings = {
				ALWAYS_SEARCH_USER_PATHS = NO;
				CLANG_CXX_LANGUAGE_STANDARD = "gnu++0x";
				CLANG_CXX_LIBRARY = "libc++";
				CLANG_ENABLE_MODULES = YES;
				CLANG_ENABLE_OBJC_ARC = YES;
				CLANG_WARN_BOOL_CONVERSION = YES;
				CLANG_WARN_CONSTANT_CONVERSION = YES;
				CLANG_WARN_DIRECT_OBJC_ISA_USAGE = YES_ERROR;
				CLANG_WARN_EMPTY_BODY = YES;
				CLANG_WARN_ENUM_CONVERSION = YES;
				CLANG_WARN_INT_CONVERSION = YES;
				CLANG_WARN_OBJC_ROOT_CLASS = YES_ERROR;
				CLANG_WARN_UNREACHABLE_CODE = YES;
				CLANG_WARN__DUPLICATE_METHOD_MATCH = YES;
				"CODE_SIGN_IDENTITY[sdk=iphoneos*]" = "iPhone Developer";
				COPY_PHASE_STRIP = NO;
				DEBUG_INFORMATION_FORMAT = "dwarf-with-dsym";
				ENABLE_NS_ASSERTIONS = NO;
				ENABLE_STRICT_OBJC_MSGSEND = YES;
				GCC_C_LANGUAGE_STANDARD = gnu99;
				GCC_NO_COMMON_BLOCKS = YES;
				GCC_WARN_64_TO_32_BIT_CONVERSION = YES;
				GCC_WARN_ABOUT_RETURN_TYPE = YES_ERROR;
				GCC_WARN_UNDECLARED_SELECTOR = YES;
				GCC_WARN_UNINITIALIZED_AUTOS = YES_AGGRESSIVE;
				GCC_WARN_UNUSED_FUNCTION = YES;
				GCC_WARN_UNUSED_VARIABLE = YES;
				IPHONEOS_DEPLOYMENT_TARGET = 9.0;
				MTL_ENABLE_DEBUG_INFO = NO;
				SDKROOT = iphoneos;
				TARGETED_DEVICE_FAMILY = "1,2";
				VALIDATE_PRODUCT = YES;
			};
			name = Release;
		};
		8DC0155B1BD262A70098701C /* Debug */ = {
			isa = XCBuildConfiguration;
			buildSettings = {
				ASSETCATALOG_COMPILER_APPICON_NAME = AppIcon;
				INFOPLIST_FILE = modeling_test_2/Info.plist;
				LD_RUNPATH_SEARCH_PATHS = "$(inherited) @executable_path/Frameworks";
				PRODUCT_BUNDLE_IDENTIFIER = "term.modeling-test-2";
				PRODUCT_NAME = "$(TARGET_NAME)";
			};
			name = Debug;
		};
		8DC0155C1BD262A70098701C /* Release */ = {
			isa = XCBuildConfiguration;
			buildSettings = {
				ASSETCATALOG_COMPILER_APPICON_NAME = AppIcon;
				INFOPLIST_FILE = modeling_test_2/Info.plist;
				LD_RUNPATH_SEARCH_PATHS = "$(inherited) @executable_path/Frameworks";
				PRODUCT_BUNDLE_IDENTIFIER = "term.modeling-test-2";
				PRODUCT_NAME = "$(TARGET_NAME)";
			};
			name = Release;
		};
		8DC0155E1BD262A70098701C /* Debug */ = {
			isa = XCBuildConfiguration;
			buildSettings = {
				BUNDLE_LOADER = "$(TEST_HOST)";
				INFOPLIST_FILE = modeling_test_2Tests/Info.plist;
				LD_RUNPATH_SEARCH_PATHS = "$(inherited) @executable_path/Frameworks @loader_path/Frameworks";
				PRODUCT_BUNDLE_IDENTIFIER = "term.modeling-test-2Tests";
				PRODUCT_NAME = "$(TARGET_NAME)";
				TEST_HOST = "$(BUILT_PRODUCTS_DIR)/modeling_test_2.app/modeling_test_2";
			};
			name = Debug;
		};
		8DC0155F1BD262A70098701C /* Release */ = {
			isa = XCBuildConfiguration;
			buildSettings = {
				BUNDLE_LOADER = "$(TEST_HOST)";
				INFOPLIST_FILE = modeling_test_2Tests/Info.plist;
				LD_RUNPATH_SEARCH_PATHS = "$(inherited) @executable_path/Frameworks @loader_path/Frameworks";
				PRODUCT_BUNDLE_IDENTIFIER = "term.modeling-test-2Tests";
				PRODUCT_NAME = "$(TARGET_NAME)";
				TEST_HOST = "$(BUILT_PRODUCTS_DIR)/modeling_test_2.app/modeling_test_2";
			};
			name = Release;
		};
		8DC015611BD262A70098701C /* Debug */ = {
			isa = XCBuildConfiguration;
			buildSettings = {
				INFOPLIST_FILE = modeling_test_2UITests/Info.plist;
				LD_RUNPATH_SEARCH_PATHS = "$(inherited) @executable_path/Frameworks @loader_path/Frameworks";
				PRODUCT_BUNDLE_IDENTIFIER = "term.modeling-test-2UITests";
				PRODUCT_NAME = "$(TARGET_NAME)";
				TEST_TARGET_NAME = modeling_test_2;
				USES_XCTRUNNER = YES;
			};
			name = Debug;
		};
		8DC015621BD262A70098701C /* Release */ = {
			isa = XCBuildConfiguration;
			buildSettings = {
				INFOPLIST_FILE = modeling_test_2UITests/Info.plist;
				LD_RUNPATH_SEARCH_PATHS = "$(inherited) @executable_path/Frameworks @loader_path/Frameworks";
				PRODUCT_BUNDLE_IDENTIFIER = "term.modeling-test-2UITests";
				PRODUCT_NAME = "$(TARGET_NAME)";
				TEST_TARGET_NAME = modeling_test_2;
				USES_XCTRUNNER = YES;
			};
			name = Release;
		};
/* End XCBuildConfiguration section */

/* Begin XCConfigurationList section */
		8DC0152D1BD262A70098701C /* Build configuration list for PBXProject "modeling_test_2" */ = {
			isa = XCConfigurationList;
			buildConfigurations = (
				8DC015581BD262A70098701C /* Debug */,
				8DC015591BD262A70098701C /* Release */,
			);
			defaultConfigurationIsVisible = 0;
			defaultConfigurationName = Release;
		};
		8DC0155A1BD262A70098701C /* Build configuration list for PBXNativeTarget "modeling_test_2" */ = {
			isa = XCConfigurationList;
			buildConfigurations = (
				8DC0155B1BD262A70098701C /* Debug */,
				8DC0155C1BD262A70098701C /* Release */,
			);
			defaultConfigurationIsVisible = 0;
		};
		8DC0155D1BD262A70098701C /* Build configuration list for PBXNativeTarget "modeling_test_2Tests" */ = {
			isa = XCConfigurationList;
			buildConfigurations = (
				8DC0155E1BD262A70098701C /* Debug */,
				8DC0155F1BD262A70098701C /* Release */,
			);
			defaultConfigurationIsVisible = 0;
		};
		8DC015601BD262A70098701C /* Build configuration list for PBXNativeTarget "modeling_test_2UITests" */ = {
			isa = XCConfigurationList;
			buildConfigurations = (
				8DC015611BD262A70098701C /* Debug */,
				8DC015621BD262A70098701C /* Release */,
			);
			defaultConfigurationIsVisible = 0;
		};
/* End XCConfigurationList section */
	};
	rootObject = 8DC0152A1BD262A70098701C /* Project object */;
}
